# This file is generated by running "yarn install" inside your project.
# Manual changes might be lost - proceed with caution!

__metadata:
  version: 10
  cacheKey: 10c0

"@gothassos/uppy-activestorage-upload@workspace:.":
  version: 0.0.0-use.local
  resolution: "@gothassos/uppy-activestorage-upload@workspace:."
  dependencies:
    "@paralleldrive/cuid2": "npm:^3.3.0"
  peerDependencies:
    "@rails/activestorage": ^7.2 || ^8
    "@uppy/core": ^5
  languageName: unknown
  linkType: soft

"@noble/hashes@npm:^2.0.1":
  version: 2.4.0
  resolution: "@noble/hashes@npm:2.4.0"
  checksum: 10c0/f5820a38c52886073a69722a030688ad188bbacb822d01554545371259961c2b916266c57c013c2ce5a0d78aec977142fc68fd2a79be4c97b0644fcee9bb35f6
  languageName: node
  linkType: hard

"@paralleldrive/cuid2@npm:^3.3.0":
  version: 3.3.0
  resolution: "@paralleldrive/cuid2@npm:3.3.0"
  dependencies:
    "@noble/hashes": "npm:^2.0.1"
    bignumber.js: "npm:^9.3.1"
    error-causes: "npm:^3.0.2"
  bin:
    cuid2: bin/cuid2.js
  checksum: 10c0/a1c71f73f3c7cec1233c1fc3325a9ae19c4ca37c05f89dabaff650064cb84d048856b38c2fcfb5cc3a11d0711896d26cb8ba85b402cb33ea725e45d0aee276ca
  languageName: node
  linkType: hard

"bignumber.js@npm:^9.3.1":
  version: 9.3.1
  resolution: "bignumber.js@npm:9.3.1"
  checksum: 10c0/61342ba5fe1c10887f0ecf5be02ff6709271481aff48631f86b4d37d55a99b87ce441cfd54df3d16d10ee07ceab7e272fc0be430c657ffafbbbf7b7d631efb75
  languageName: node
  linkType: hard

"error-causes@npm:^3.0.2":
  version: 3.0.2
  resolution: "error-causes@npm:3.0.2"
  checksum: 10c0/9cb37797bbf57983ef8b9a762b5ba40442b1fc5487c9bdaed7f54eb9d3f13015cade9dc45f80b01cc3781332772fda43a72e537d36be961ebe50c6da083fb06d
  languageName: node
  linkType: hard
