# This file is generated by running "yarn install" inside your project.
# Manual changes might be lost - proceed with caution!

__metadata:
  version: 10
  cacheKey: 10c0

"@gothassos/uppy-activestorage-upload@workspace:.":
  version: 0.0.0-use.local
  resolution: "@gothassos/uppy-activestorage-upload@workspace:."
  dependencies:
    "@paralleldrive/cuid2": "npm:^2.2.2"
  peerDependencies:
    "@rails/activestorage": ^7.2 || ^8
    "@uppy/core": ^5
  languageName: unknown
  linkType: soft

"@noble/hashes@npm:^1.1.5":
  version: 1.8.0
  resolution: "@noble/hashes@npm:1.8.0"
  checksum: 10c0/06a0b52c81a6fa7f04d67762e08b2c476a00285858150caeaaff4037356dd5e119f45b2a530f638b77a5eeca013168ec1b655db41bae3236cb2e9d511484fc77
  languageName: node
  linkType: hard

"@paralleldrive/cuid2@npm:^2.2.2":
  version: 2.2.2
  resolution: "@paralleldrive/cuid2@npm:2.2.2"
  dependencies:
    "@noble/hashes": "npm:^1.1.5"
  checksum: 10c0/af5826df93de437121308f4f4ce0b2eeb89b60bb57a1a6592fb89c0d40d311ad1d9f3f6a4db2cce6f2bcf572de1aa3f85704254e89b18ce61c41ebb06564c4ee
  languageName: node
  linkType: hard
